
Microsoft Visual Studio Solution File, Format Version 12.00
# Visual Studio Version 17
VisualStudioVersion = 17.11.35312.102
MinimumVisualStudioVersion = 10.0.40219.1
Project("{2150E333-8FDC-42A3-9474-1A3956D46DE8}") = "Solution Items", "Solution Items", "{A589090A-FD89-445D-87BC-6BD07350794A}"
	ProjectSection(SolutionItems) = preProject
		.editorconfig = .editorconfig
		.gitattributes = .gitattributes
		.gitignore = .gitignore
		Analyzers.ruleset = Analyzers.ruleset
		Directory.Build.props = Directory.Build.props
		Directory.Build.targets = Directory.Build.targets
		LICENSE = LICENSE
		MeshTool.sln.DotSettings = MeshTool.sln.DotSettings
		README.md = README.md
	EndProjectSection
EndProject
Project("{FAE04EC0-301F-11D3-BF4B-00C04F79EFBC}") = "MeshTool", "MeshTool\MeshTool.csproj", "{FAE0E8BE-EC18-4332-BA9C-0C5DDADACDEE}"
EndProject
Global
	GlobalSection(SolutionConfigurationPlatforms) = preSolution
		Debug|Any CPU = Debug|Any CPU
		Release|Any CPU = Release|Any CPU
	EndGlobalSection
	GlobalSection(ProjectConfigurationPlatforms) = postSolution
		{FAE0E8BE-EC18-4332-BA9C-0C5DDADACDEE}.Debug|Any CPU.ActiveCfg = Debug|Any CPU
		{FAE0E8BE-EC18-4332-BA9C-0C5DDADACDEE}.Debug|Any CPU.Build.0 = Debug|Any CPU
		{FAE0E8BE-EC18-4332-BA9C-0C5DDADACDEE}.Release|Any CPU.ActiveCfg = Release|Any CPU
		{FAE0E8BE-EC18-4332-BA9C-0C5DDADACDEE}.Release|Any CPU.Build.0 = Release|Any CPU
	EndGlobalSection
	GlobalSection(SolutionProperties) = preSolution
		HideSolutionNode = FALSE
	EndGlobalSection
	GlobalSection(ExtensibilityGlobals) = postSolution
		SolutionGuid = {3EB3F5B8-23CF-4A5E-9E24-C5FB41A3B796}
	EndGlobalSection
EndGlobal
